
Microsoft Visual Studio Solution File, Format Version 12.00
# Visual Studio Version 16
VisualStudioVersion = 16.0.30804.86
MinimumVisualStudioVersion = 10.0.40219.1
Project("{9A19103F-16F7-4668-BE54-9A1E7A4F7556}") = "AlbyOnContainers.Hermes", "src\AlbyOnContainers.Hermes\AlbyOnContainers.Hermes.csproj", "{09077173-8922-4423-A4C1-B6F2E1C9A74C}"
EndProject
Project("{9A19103F-16F7-4668-BE54-9A1E7A4F7556}") = "AlbyOnContainers.IdentityServer", "src\AlbyOnContainers.IdentityServer\AlbyOnContainers.IdentityServer.csproj", "{709197EA-0547-4E06-BBEE-CA52450A8B09}"
EndProject
Project("{9A19103F-16F7-4668-BE54-9A1E7A4F7556}") = "AlbyOnContainers.Shared.Messages", "src\AlbyOnContainers.Shared.Messages\AlbyOnContainers.Shared.Messages.csproj", "{EA0B1A18-6017-4A8C-89DB-AEC9706C7513}"
EndProject
Project("{9A19103F-16F7-4668-BE54-9A1E7A4F7556}") = "AlbyOnContainers.Pollon", "src\AlbyOnContainers.Pollon\AlbyOnContainers.Pollon.csproj", "{75EEA512-9ADD-4B07-8AC6-7E34BF1D38D9}"
EndProject
Project("{9A19103F-16F7-4668-BE54-9A1E7A4F7556}") = "AlbyOnContainers.Services.Catalog", "src\AlbyOnContainers.Services.Catalog\AlbyOnContainers.Services.Catalog.csproj", "{6B8C518B-ABAB-4520-86F0-6DED750D4A7B}"
EndProject
Project("{9A19103F-16F7-4668-BE54-9A1E7A4F7556}") = "AlbyOnContainers.Tools.Catalog", "src\AlbyOnContainers.Tools.Catalog\AlbyOnContainers.Tools.Catalog.csproj", "{C936052E-702A-4E97-9421-68C6E1748136}"
EndProject
Project("{9A19103F-16F7-4668-BE54-9A1E7A4F7556}") = "AlbyOnContainers.Shared.Libraries", "src\AlbyOnContainers.Shared.Libraries\AlbyOnContainers.Shared.Libraries.csproj", "{455F6695-3769-44F8-B1C0-097CC2EB3441}"
EndProject
Project("{E53339B2-1760-4266-BCC7-CA923CBCF16C}") = "docker-compose", "docker-compose.dcproj", "{B912D1BF-BBF8-471B-BE1C-A05998771F92}"
EndProject
Global
	GlobalSection(SolutionConfigurationPlatforms) = preSolution
		Debug|Any CPU = Debug|Any CPU
		Release|Any CPU = Release|Any CPU
	EndGlobalSection
	GlobalSection(ProjectConfigurationPlatforms) = postSolution
		{09077173-8922-4423-A4C1-B6F2E1C9A74C}.Debug|Any CPU.ActiveCfg = Debug|Any CPU
		{09077173-8922-4423-A4C1-B6F2E1C9A74C}.Debug|Any CPU.Build.0 = Debug|Any CPU
		{09077173-8922-4423-A4C1-B6F2E1C9A74C}.Release|Any CPU.ActiveCfg = Release|Any CPU
		{09077173-8922-4423-A4C1-B6F2E1C9A74C}.Release|Any CPU.Build.0 = Release|Any CPU
		{709197EA-0547-4E06-BBEE-CA52450A8B09}.Debug|Any CPU.ActiveCfg = Debug|Any CPU
		{709197EA-0547-4E06-BBEE-CA52450A8B09}.Debug|Any CPU.Build.0 = Debug|Any CPU
		{709197EA-0547-4E06-BBEE-CA52450A8B09}.Release|Any CPU.ActiveCfg = Release|Any CPU
		{709197EA-0547-4E06-BBEE-CA52450A8B09}.Release|Any CPU.Build.0 = Release|Any CPU
		{EA0B1A18-6017-4A8C-89DB-AEC9706C7513}.Debug|Any CPU.ActiveCfg = Debug|Any CPU
		{EA0B1A18-6017-4A8C-89DB-AEC9706C7513}.Debug|Any CPU.Build.0 = Debug|Any CPU
		{EA0B1A18-6017-4A8C-89DB-AEC9706C7513}.Release|Any CPU.ActiveCfg = Release|Any CPU
		{EA0B1A18-6017-4A8C-89DB-AEC9706C7513}.Release|Any CPU.Build.0 = Release|Any CPU
		{75EEA512-9ADD-4B07-8AC6-7E34BF1D38D9}.Debug|Any CPU.ActiveCfg = Debug|Any CPU
		{75EEA512-9ADD-4B07-8AC6-7E34BF1D38D9}.Debug|Any CPU.Build.0 = Debug|Any CPU
		{75EEA512-9ADD-4B07-8AC6-7E34BF1D38D9}.Release|Any CPU.ActiveCfg = Release|Any CPU
		{75EEA512-9ADD-4B07-8AC6-7E34BF1D38D9}.Release|Any CPU.Build.0 = Release|Any CPU
		{6B8C518B-ABAB-4520-86F0-6DED750D4A7B}.Debug|Any CPU.ActiveCfg = Debug|Any CPU
		{6B8C518B-ABAB-4520-86F0-6DED750D4A7B}.Debug|Any CPU.Build.0 = Debug|Any CPU
		{6B8C518B-ABAB-4520-86F0-6DED750D4A7B}.Release|Any CPU.ActiveCfg = Release|Any CPU
		{6B8C518B-ABAB-4520-86F0-6DED750D4A7B}.Release|Any CPU.Build.0 = Release|Any CPU
		{C936052E-702A-4E97-9421-68C6E1748136}.Debug|Any CPU.ActiveCfg = Debug|Any CPU
		{C936052E-702A-4E97-9421-68C6E1748136}.Debug|Any CPU.Build.0 = Debug|Any CPU
		{C936052E-702A-4E97-9421-68C6E1748136}.Release|Any CPU.ActiveCfg = Release|Any CPU
		{C936052E-702A-4E97-9421-68C6E1748136}.Release|Any CPU.Build.0 = Release|Any CPU
		{455F6695-3769-44F8-B1C0-097CC2EB3441}.Debug|Any CPU.ActiveCfg = Debug|Any CPU
		{455F6695-3769-44F8-B1C0-097CC2EB3441}.Debug|Any CPU.Build.0 = Debug|Any CPU
		{455F6695-3769-44F8-B1C0-097CC2EB3441}.Release|Any CPU.ActiveCfg = Release|Any CPU
		{455F6695-3769-44F8-B1C0-097CC2EB3441}.Release|Any CPU.Build.0 = Release|Any CPU
		{B912D1BF-BBF8-471B-BE1C-A05998771F92}.Debug|Any CPU.ActiveCfg = Debug|Any CPU
		{B912D1BF-BBF8-471B-BE1C-A05998771F92}.Debug|Any CPU.Build.0 = Debug|Any CPU
		{B912D1BF-BBF8-471B-BE1C-A05998771F92}.Release|Any CPU.ActiveCfg = Release|Any CPU
		{B912D1BF-BBF8-471B-BE1C-A05998771F92}.Release|Any CPU.Build.0 = Release|Any CPU
	EndGlobalSection
	GlobalSection(SolutionProperties) = preSolution
		HideSolutionNode = FALSE
	EndGlobalSection
	GlobalSection(ExtensibilityGlobals) = postSolution
		SolutionGuid = {353461F2-5EC0-4F4A-B5FC-C56499952861}
	EndGlobalSection
EndGlobal
